
Microsoft Visual Studio Solution File, Format Version 12.00
# Visual Studio 14
VisualStudioVersion = 14.0.25420.1
MinimumVisualStudioVersion = 10.0.40219.1
Project("{8BC9CEB8-8B4A-11D0-8D11-00A0C91BC942}") = "Firewall", "Firewall\Firewall.vcxproj", "{28ED75AB-9C38-4129-BA93-80F8348D2F5E}"
EndProject
Project("{8BC9CEB8-8B4A-11D0-8D11-00A0C91BC942}") = "DemoFirewall", "DemoFirewall\DemoFirewall.vcxproj", "{AF1DCA33-D091-4F76-BC8F-9927D7F91D23}"
EndProject
Project("{FAE04EC0-301F-11D3-BF4B-00C04F79EFBC}") = "DemoFirewallCS", "DemoFirewallCS\DemoFirewallCS.csproj", "{7E1B65E0-9A3E-4794-9A3B-618E4E014E05}"
EndProject
Global
	GlobalSection(SolutionConfigurationPlatforms) = preSolution
		Debug|Any CPU = Debug|Any CPU
		Debug|x64 = Debug|x64
		Debug|x86 = Debug|x86
		Release|Any CPU = Release|Any CPU
		Release|x64 = Release|x64
		Release|x86 = Release|x86
	EndGlobalSection
	GlobalSection(ProjectConfigurationPlatforms) = postSolution
		{28ED75AB-9C38-4129-BA93-80F8348D2F5E}.Debug|Any CPU.ActiveCfg = Debug|Win32
		{28ED75AB-9C38-4129-BA93-80F8348D2F5E}.Debug|x64.ActiveCfg = Debug|x64
		{28ED75AB-9C38-4129-BA93-80F8348D2F5E}.Debug|x64.Build.0 = Debug|x64
		{28ED75AB-9C38-4129-BA93-80F8348D2F5E}.Debug|x86.ActiveCfg = Debug|Win32
		{28ED75AB-9C38-4129-BA93-80F8348D2F5E}.Debug|x86.Build.0 = Debug|Win32
		{28ED75AB-9C38-4129-BA93-80F8348D2F5E}.Release|Any CPU.ActiveCfg = Release|Win32
		{28ED75AB-9C38-4129-BA93-80F8348D2F5E}.Release|x64.ActiveCfg = Release|x64
		{28ED75AB-9C38-4129-BA93-80F8348D2F5E}.Release|x64.Build.0 = Release|x64
		{28ED75AB-9C38-4129-BA93-80F8348D2F5E}.Release|x86.ActiveCfg = Release|Win32
		{28ED75AB-9C38-4129-BA93-80F8348D2F5E}.Release|x86.Build.0 = Release|Win32
		{AF1DCA33-D091-4F76-BC8F-9927D7F91D23}.Debug|Any CPU.ActiveCfg = Debug|Win32
		{AF1DCA33-D091-4F76-BC8F-9927D7F91D23}.Debug|x64.ActiveCfg = Debug|x64
		{AF1DCA33-D091-4F76-BC8F-9927D7F91D23}.Debug|x64.Build.0 = Debug|x64
		{AF1DCA33-D091-4F76-BC8F-9927D7F91D23}.Debug|x86.ActiveCfg = Debug|Win32
		{AF1DCA33-D091-4F76-BC8F-9927D7F91D23}.Debug|x86.Build.0 = Debug|Win32
		{AF1DCA33-D091-4F76-BC8F-9927D7F91D23}.Release|Any CPU.ActiveCfg = Release|Win32
		{AF1DCA33-D091-4F76-BC8F-9927D7F91D23}.Release|x64.ActiveCfg = Release|x64
		{AF1DCA33-D091-4F76-BC8F-9927D7F91D23}.Release|x64.Build.0 = Release|x64
		{AF1DCA33-D091-4F76-BC8F-9927D7F91D23}.Release|x86.ActiveCfg = Release|Win32
		{AF1DCA33-D091-4F76-BC8F-9927D7F91D23}.Release|x86.Build.0 = Release|Win32
		{7E1B65E0-9A3E-4794-9A3B-618E4E014E05}.Debug|Any CPU.ActiveCfg = Debug|Any CPU
		{7E1B65E0-9A3E-4794-9A3B-618E4E014E05}.Debug|Any CPU.Build.0 = Debug|Any CPU
		{7E1B65E0-9A3E-4794-9A3B-618E4E014E05}.Debug|x64.ActiveCfg = Debug|Any CPU
		{7E1B65E0-9A3E-4794-9A3B-618E4E014E05}.Debug|x64.Build.0 = Debug|Any CPU
		{7E1B65E0-9A3E-4794-9A3B-618E4E014E05}.Debug|x86.ActiveCfg = Debug|Any CPU
		{7E1B65E0-9A3E-4794-9A3B-618E4E014E05}.Debug|x86.Build.0 = Debug|Any CPU
		{7E1B65E0-9A3E-4794-9A3B-618E4E014E05}.Release|Any CPU.ActiveCfg = Release|Any CPU
		{7E1B65E0-9A3E-4794-9A3B-618E4E014E05}.Release|Any CPU.Build.0 = Release|Any CPU
		{7E1B65E0-9A3E-4794-9A3B-618E4E014E05}.Release|x64.ActiveCfg = Release|Any CPU
		{7E1B65E0-9A3E-4794-9A3B-618E4E014E05}.Release|x64.Build.0 = Release|Any CPU
		{7E1B65E0-9A3E-4794-9A3B-618E4E014E05}.Release|x86.ActiveCfg = Release|Any CPU
		{7E1B65E0-9A3E-4794-9A3B-618E4E014E05}.Release|x86.Build.0 = Release|Any CPU
	EndGlobalSection
	GlobalSection(SolutionProperties) = preSolution
		HideSolutionNode = FALSE
	EndGlobalSection
EndGlobal
